// !$*UTF8*$!
{
	archiveVersion = 1;
	classes = {
	};
	objectVersion = 46;
	objects = {

/* Begin PBXBuildFile section */
		1D83C3274BA06FA5C10065A3 /* Pods_StockChartTests.framework in Frameworks */ = {isa = PBXBuildFile; fileRef = EB9CCFB82A3C4BF59D91F057 /* Pods_StockChartTests.framework */; };
		A606A71E1F015B5A00E148AD /* Stock.swift in Sources */ = {isa = PBXBuildFile; fileRef = A606A71D1F015B5A00E148AD /* Stock.swift */; };
		A606A75D1F0162D500E148AD /* AnimationHelper.swift in Sources */ = {isa = PBXBuildFile; fileRef = A606A75C1F0162D500E148AD /* AnimationHelper.swift */; };
		A6755EDA1EFE90B4000A902F /* StockListConfigurator.swift in Sources */ = {isa = PBXBuildFile; fileRef = A6755ED41EFE90B4000A902F /* StockListConfigurator.swift */; };
		A6755EDB1EFE90B4000A902F /* StockListInteractor.swift in Sources */ = {isa = PBXBuildFile; fileRef = A6755ED51EFE90B4000A902F /* StockListInteractor.swift */; };
		A6755EDC1EFE90B4000A902F /* StockListModels.swift in Sources */ = {isa = PBXBuildFile; fileRef = A6755ED61EFE90B4000A902F /* StockListModels.swift */; };
		A6755EDD1EFE90B4000A902F /* StockListPresenter.swift in Sources */ = {isa = PBXBuildFile; fileRef = A6755ED71EFE90B4000A902F /* StockListPresenter.swift */; };
		A6755EDE1EFE90B4000A902F /* StockListRouter.swift in Sources */ = {isa = PBXBuildFile; fileRef = A6755ED81EFE90B4000A902F /* StockListRouter.swift */; };
		A6755EE71EFE9195000A902F /* StockChartConfigurator.swift in Sources */ = {isa = PBXBuildFile; fileRef = A6755EE01EFE9195000A902F /* StockChartConfigurator.swift */; };
		A6755EE81EFE9195000A902F /* StockChartInteractor.swift in Sources */ = {isa = PBXBuildFile; fileRef = A6755EE11EFE9195000A902F /* StockChartInteractor.swift */; };
		A6755EE91EFE9195000A902F /* StockChartModels.swift in Sources */ = {isa = PBXBuildFile; fileRef = A6755EE21EFE9195000A902F /* StockChartModels.swift */; };
		A6755EEA1EFE9195000A902F /* StockChartPresenter.swift in Sources */ = {isa = PBXBuildFile; fileRef = A6755EE31EFE9195000A902F /* StockChartPresenter.swift */; };
		A6755EEB1EFE9195000A902F /* StockChartRouter.swift in Sources */ = {isa = PBXBuildFile; fileRef = A6755EE41EFE9195000A902F /* StockChartRouter.swift */; };
		A6755EEC1EFE9195000A902F /* StockChartViewController.swift in Sources */ = {isa = PBXBuildFile; fileRef = A6755EE51EFE9195000A902F /* StockChartViewController.swift */; };
		A6755EF11EFF0B60000A902F /* Repository.swift in Sources */ = {isa = PBXBuildFile; fileRef = A6755EF01EFF0B60000A902F /* Repository.swift */; };
		A6755EF31EFF0B83000A902F /* ServerRepository.swift in Sources */ = {isa = PBXBuildFile; fileRef = A6755EF21EFF0B83000A902F /* ServerRepository.swift */; };
		A6943BA11F01AD81001F7CDA /* StockGenerator.swift in Sources */ = {isa = PBXBuildFile; fileRef = A6943BA01F01AD81001F7CDA /* StockGenerator.swift */; };
		A694A7AA1EFBECF8008BF4CF /* AppDelegate.swift in Sources */ = {isa = PBXBuildFile; fileRef = A694A7A91EFBECF8008BF4CF /* AppDelegate.swift */; };
		A694A7B11EFBECF8008BF4CF /* Assets.xcassets in Resources */ = {isa = PBXBuildFile; fileRef = A694A7B01EFBECF8008BF4CF /* Assets.xcassets */; };
		A694A7B41EFBECF8008BF4CF /* LaunchScreen.storyboard in Resources */ = {isa = PBXBuildFile; fileRef = A694A7B21EFBECF8008BF4CF /* LaunchScreen.storyboard */; };
		A694A7BF1EFBECF8008BF4CF /* StockChartTests.swift in Sources */ = {isa = PBXBuildFile; fileRef = A694A7BE1EFBECF8008BF4CF /* StockChartTests.swift */; };
		A694A7CE1EFBF0B4008BF4CF /* Podfile in Resources */ = {isa = PBXBuildFile; fileRef = A694A7CD1EFBF0B4008BF4CF /* Podfile */; };
		A694A7D51EFBF6C0008BF4CF /* WelcomeViewController.swift in Sources */ = {isa = PBXBuildFile; fileRef = A694A7D41EFBF6C0008BF4CF /* WelcomeViewController.swift */; };
		A694A7D71EFBF6E6008BF4CF /* BaseViewController.swift in Sources */ = {isa = PBXBuildFile; fileRef = A694A7D61EFBF6E6008BF4CF /* BaseViewController.swift */; };
		A694A7DD1EFC085D008BF4CF /* ReactiveCocoa+Utils.swift in Sources */ = {isa = PBXBuildFile; fileRef = A694A7DC1EFC085D008BF4CF /* ReactiveCocoa+Utils.swift */; };
		A6A469531EFD5842007DA66A /* Localizable.strings in Resources */ = {isa = PBXBuildFile; fileRef = A6A469551EFD5842007DA66A /* Localizable.strings */; };
		A6A4695B1EFD5FEF007DA66A /* StockListViewController.swift in Sources */ = {isa = PBXBuildFile; fileRef = A6A4695A1EFD5FEF007DA66A /* StockListViewController.swift */; };
		A6A4695D1EFD6018007DA66A /* WelcomeRouter.swift in Sources */ = {isa = PBXBuildFile; fileRef = A6A4695C1EFD6018007DA66A /* WelcomeRouter.swift */; };
		A6D59E7A1F028E0C0092B441 /* Constants.swift in Sources */ = {isa = PBXBuildFile; fileRef = A6D59E791F028E0C0092B441 /* Constants.swift */; };
		A6D59E7C1F029B1C0092B441 /* UIView+Utils.swift in Sources */ = {isa = PBXBuildFile; fileRef = A6D59E7B1F029B1C0092B441 /* UIView+Utils.swift */; };
		BBFA8F360B2494426BAA5372 /* Pods_StockChart.framework in Frameworks */ = {isa = PBXBuildFile; fileRef = 0298C9392C85B10B77A67961 /* Pods_StockChart.framework */; };
/* End PBXBuildFile section */

/* Begin PBXContainerItemProxy section */
		A694A7BB1EFBECF8008BF4CF /* PBXContainerItemProxy */ = {
			isa = PBXContainerItemProxy;
			containerPortal = A694A79E1EFBECF8008BF4CF /* Project object */;
			proxyType = 1;
			remoteGlobalIDString = A694A7A51EFBECF8008BF4CF;
			remoteInfo = StockChart;
		};
/* End PBXContainerItemProxy section */

/* Begin PBXFileReference section */
		0298C9392C85B10B77A67961 /* Pods_StockChart.framework */ = {isa = PBXFileReference; explicitFileType = wrapper.framework; includeInIndex = 0; path = Pods_StockChart.framework; sourceTree = BUILT_PRODUCTS_DIR; };
		73090625AB0278AB9ECAC9AC /* Pods-StockChartTests.release.xcconfig */ = {isa = PBXFileReference; includeInIndex = 1; lastKnownFileType = text.xcconfig; name = "Pods-StockChartTests.release.xcconfig"; path = "Pods/Target Support Files/Pods-StockChartTests/Pods-StockChartTests.release.xcconfig"; sourceTree = "<group>"; };
		A0A3D5452804CC6EE101F28F /* Pods-StockChartTests.debug.xcconfig */ = {isa = PBXFileReference; includeInIndex = 1; lastKnownFileType = text.xcconfig; name = "Pods-StockChartTests.debug.xcconfig"; path = "Pods/Target Support Files/Pods-StockChartTests/Pods-StockChartTests.debug.xcconfig"; sourceTree = "<group>"; };
		A606A71D1F015B5A00E148AD /* Stock.swift */ = {isa = PBXFileReference; fileEncoding = 4; lastKnownFileType = sourcecode.swift; path = Stock.swift; sourceTree = "<group>"; };
		A606A75C1F0162D500E148AD /* AnimationHelper.swift */ = {isa = PBXFileReference; fileEncoding = 4; lastKnownFileType = sourcecode.swift; path = AnimationHelper.swift; sourceTree = "<group>"; };
		A6755ED41EFE90B4000A902F /* StockListConfigurator.swift */ = {isa = PBXFileReference; fileEncoding = 4; lastKnownFileType = sourcecode.swift; path = StockListConfigurator.swift; sourceTree = "<group>"; };
		A6755ED51EFE90B4000A902F /* StockListInteractor.swift */ = {isa = PBXFileReference; fileEncoding = 4; lastKnownFileType = sourcecode.swift; path = StockListInteractor.swift; sourceTree = "<group>"; };
		A6755ED61EFE90B4000A902F /* StockListModels.swift */ = {isa = PBXFileReference; fileEncoding = 4; lastKnownFileType = sourcecode.swift; path = StockListModels.swift; sourceTree = "<group>"; };
		A6755ED71EFE90B4000A902F /* StockListPresenter.swift */ = {isa = PBXFileReference; fileEncoding = 4; lastKnownFileType = sourcecode.swift; path = StockListPresenter.swift; sourceTree = "<group>"; };
		A6755ED81EFE90B4000A902F /* StockListRouter.swift */ = {isa = PBXFileReference; fileEncoding = 4; lastKnownFileType = sourcecode.swift; path = StockListRouter.swift; sourceTree = "<group>"; };
		A6755EE01EFE9195000A902F /* StockChartConfigurator.swift */ = {isa = PBXFileReference; fileEncoding = 4; lastKnownFileType = sourcecode.swift; path = StockChartConfigurator.swift; sourceTree = "<group>"; };
		A6755EE11EFE9195000A902F /* StockChartInteractor.swift */ = {isa = PBXFileReference; fileEncoding = 4; lastKnownFileType = sourcecode.swift; path = StockChartInteractor.swift; sourceTree = "<group>"; };
		A6755EE21EFE9195000A902F /* StockChartModels.swift */ = {isa = PBXFileReference; fileEncoding = 4; lastKnownFileType = sourcecode.swift; path = StockChartModels.swift; sourceTree = "<group>"; };
		A6755EE31EFE9195000A902F /* StockChartPresenter.swift */ = {isa = PBXFileReference; fileEncoding = 4; lastKnownFileType = sourcecode.swift; path = StockChartPresenter.swift; sourceTree = "<group>"; };
		A6755EE41EFE9195000A902F /* StockChartRouter.swift */ = {isa = PBXFileReference; fileEncoding = 4; lastKnownFileType = sourcecode.swift; path = StockChartRouter.swift; sourceTree = "<group>"; };
		A6755EE51EFE9195000A902F /* StockChartViewController.swift */ = {isa = PBXFileReference; fileEncoding = 4; lastKnownFileType = sourcecode.swift; path = StockChartViewController.swift; sourceTree = "<group>"; };
		A6755EF01EFF0B60000A902F /* Repository.swift */ = {isa = PBXFileReference; fileEncoding = 4; lastKnownFileType = sourcecode.swift; path = Repository.swift; sourceTree = "<group>"; };
		A6755EF21EFF0B83000A902F /* ServerRepository.swift */ = {isa = PBXFileReference; fileEncoding = 4; lastKnownFileType = sourcecode.swift; path = ServerRepository.swift; sourceTree = "<group>"; };
		A6943BA01F01AD81001F7CDA /* StockGenerator.swift */ = {isa = PBXFileReference; fileEncoding = 4; lastKnownFileType = sourcecode.swift; path = StockGenerator.swift; sourceTree = "<group>"; };
		A694A7A61EFBECF8008BF4CF /* StockChart.app */ = {isa = PBXFileReference; explicitFileType = wrapper.application; includeInIndex = 0; path = StockChart.app; sourceTree = BUILT_PRODUCTS_DIR; };
		A694A7A91EFBECF8008BF4CF /* AppDelegate.swift */ = {isa = PBXFileReference; lastKnownFileType = sourcecode.swift; path = AppDelegate.swift; sourceTree = "<group>"; };
		A694A7B01EFBECF8008BF4CF /* Assets.xcassets */ = {isa = PBXFileReference; lastKnownFileType = folder.assetcatalog; path = Assets.xcassets; sourceTree = "<group>"; };
		A694A7B31EFBECF8008BF4CF /* Base */ = {isa = PBXFileReference; lastKnownFileType = file.storyboard; name = Base; path = Base.lproj/LaunchScreen.storyboard; sourceTree = "<group>"; };
		A694A7B51EFBECF8008BF4CF /* Info.plist */ = {isa = PBXFileReference; lastKnownFileType = text.plist.xml; path = Info.plist; sourceTree = "<group>"; };
		A694A7BA1EFBECF8008BF4CF /* StockChartTests.xctest */ = {isa = PBXFileReference; explicitFileType = wrapper.cfbundle; includeInIndex = 0; path = StockChartTests.xctest; sourceTree = BUILT_PRODUCTS_DIR; };
		A694A7BE1EFBECF8008BF4CF /* StockChartTests.swift */ = {isa = PBXFileReference; lastKnownFileType = sourcecode.swift; path = StockChartTests.swift; sourceTree = "<group>"; };
		A694A7C01EFBECF8008BF4CF /* Info.plist */ = {isa = PBXFileReference; lastKnownFileType = text.plist.xml; path = Info.plist; sourceTree = "<group>"; };
		A694A7CD1EFBF0B4008BF4CF /* Podfile */ = {isa = PBXFileReference; fileEncoding = 4; lastKnownFileType = text; path = Podfile; sourceTree = "<group>"; xcLanguageSpecificationIdentifier = xcode.lang.ruby; };
		A694A7D41EFBF6C0008BF4CF /* WelcomeViewController.swift */ = {isa = PBXFileReference; fileEncoding = 4; lastKnownFileType = sourcecode.swift; path = WelcomeViewController.swift; sourceTree = "<group>"; };
		A694A7D61EFBF6E6008BF4CF /* BaseViewController.swift */ = {isa = PBXFileReference; fileEncoding = 4; lastKnownFileType = sourcecode.swift; path = BaseViewController.swift; sourceTree = "<group>"; };
		A694A7DC1EFC085D008BF4CF /* ReactiveCocoa+Utils.swift */ = {isa = PBXFileReference; fileEncoding = 4; lastKnownFileType = sourcecode.swift; path = "ReactiveCocoa+Utils.swift"; sourceTree = "<group>"; };
		A6A469591EFD589F007DA66A /* en */ = {isa = PBXFileReference; lastKnownFileType = text.plist.strings; name = en; path = en.lproj/Localizable.strings; sourceTree = "<group>"; };
		A6A4695A1EFD5FEF007DA66A /* StockListViewController.swift */ = {isa = PBXFileReference; fileEncoding = 4; lastKnownFileType = sourcecode.swift; path = StockListViewController.swift; sourceTree = "<group>"; };
		A6A4695C1EFD6018007DA66A /* WelcomeRouter.swift */ = {isa = PBXFileReference; fileEncoding = 4; lastKnownFileType = sourcecode.swift; path = WelcomeRouter.swift; sourceTree = "<group>"; };
		A6D59E791F028E0C0092B441 /* Constants.swift */ = {isa = PBXFileReference; fileEncoding = 4; lastKnownFileType = sourcecode.swift; path = Constants.swift; sourceTree = "<group>"; };
		A6D59E7B1F029B1C0092B441 /* UIView+Utils.swift */ = {isa = PBXFileReference; fileEncoding = 4; lastKnownFileType = sourcecode.swift; path = "UIView+Utils.swift"; sourceTree = "<group>"; };
		C7DD05DAE7267B5ACFD778FD /* Pods-StockChart.debug.xcconfig */ = {isa = PBXFileReference; includeInIndex = 1; lastKnownFileType = text.xcconfig; name = "Pods-StockChart.debug.xcconfig"; path = "Pods/Target Support Files/Pods-StockChart/Pods-StockChart.debug.xcconfig"; sourceTree = "<group>"; };
		E4239F36C4022599BA8C56F2 /* Pods-StockChart.release.xcconfig */ = {isa = PBXFileReference; includeInIndex = 1; lastKnownFileType = text.xcconfig; name = "Pods-StockChart.release.xcconfig"; path = "Pods/Target Support Files/Pods-StockChart/Pods-StockChart.release.xcconfig"; sourceTree = "<group>"; };
		EB9CCFB82A3C4BF59D91F057 /* Pods_StockChartTests.framework */ = {isa = PBXFileReference; explicitFileType = wrapper.framework; includeInIndex = 0; path = Pods_StockChartTests.framework; sourceTree = BUILT_PRODUCTS_DIR; };
/* End PBXFileReference section */

/* Begin PBXFrameworksBuildPhase section */
		A694A7A31EFBECF8008BF4CF /* Frameworks */ = {
			isa = PBXFrameworksBuildPhase;
			buildActionMask = 2147483647;
			files = (
				BBFA8F360B2494426BAA5372 /* Pods_StockChart.framework in Frameworks */,
			);
			runOnlyForDeploymentPostprocessing = 0;
		};
		A694A7B71EFBECF8008BF4CF /* Frameworks */ = {
			isa = PBXFrameworksBuildPhase;
			buildActionMask = 2147483647;
			files = (
				1D83C3274BA06FA5C10065A3 /* Pods_StockChartTests.framework in Frameworks */,
			);
			runOnlyForDeploymentPostprocessing = 0;
		};
/* End PBXFrameworksBuildPhase section */

/* Begin PBXGroup section */
		1D191220ACC4F2D478CEE080 /* Pods */ = {
			isa = PBXGroup;
			children = (
				C7DD05DAE7267B5ACFD778FD /* Pods-StockChart.debug.xcconfig */,
				E4239F36C4022599BA8C56F2 /* Pods-StockChart.release.xcconfig */,
				A0A3D5452804CC6EE101F28F /* Pods-StockChartTests.debug.xcconfig */,
				73090625AB0278AB9ECAC9AC /* Pods-StockChartTests.release.xcconfig */,
			);
			name = Pods;
			sourceTree = "<group>";
		};
		86EF5A29C9B2258AA60EA6CD /* Frameworks */ = {
			isa = PBXGroup;
			children = (
				0298C9392C85B10B77A67961 /* Pods_StockChart.framework */,
				EB9CCFB82A3C4BF59D91F057 /* Pods_StockChartTests.framework */,
			);
			name = Frameworks;
			sourceTree = "<group>";
		};
		A606A71C1F015B4800E148AD /* Model */ = {
			isa = PBXGroup;
			children = (
				A606A71D1F015B5A00E148AD /* Stock.swift */,
			);
			path = Model;
			sourceTree = "<group>";
		};
		A606A75B1F015BF300E148AD /* Utils */ = {
			isa = PBXGroup;
			children = (
				A606A75C1F0162D500E148AD /* AnimationHelper.swift */,
				A6943BA01F01AD81001F7CDA /* StockGenerator.swift */,
				A6D59E7B1F029B1C0092B441 /* UIView+Utils.swift */,
			);
			path = Utils;
			sourceTree = "<group>";
		};
		A6755EEE1EFE96D6000A902F /* Services */ = {
			isa = PBXGroup;
			children = (
				A6755EEF1EFE96D6000A902F /* Repository */,
			);
			path = Services;
			sourceTree = "<group>";
		};
		A6755EEF1EFE96D6000A902F /* Repository */ = {
			isa = PBXGroup;
			children = (
				A6755EF01EFF0B60000A902F /* Repository.swift */,
				A6755EF21EFF0B83000A902F /* ServerRepository.swift */,
			);
			path = Repository;
			sourceTree = "<group>";
		};
		A694A79D1EFBECF8008BF4CF = {
			isa = PBXGroup;
			children = (
				A694A7CD1EFBF0B4008BF4CF /* Podfile */,
				A694A7A81EFBECF8008BF4CF /* StockChart */,
				A694A7BD1EFBECF8008BF4CF /* StockChartTests */,
				A694A7A71EFBECF8008BF4CF /* Products */,
				1D191220ACC4F2D478CEE080 /* Pods */,
				86EF5A29C9B2258AA60EA6CD /* Frameworks */,
			);
			sourceTree = "<group>";
		};
		A694A7A71EFBECF8008BF4CF /* Products */ = {
			isa = PBXGroup;
			children = (
				A694A7A61EFBECF8008BF4CF /* StockChart.app */,
				A694A7BA1EFBECF8008BF4CF /* StockChartTests.xctest */,
			);
			name = Products;
			sourceTree = "<group>";
		};
		A694A7A81EFBECF8008BF4CF /* StockChart */ = {
			isa = PBXGroup;
			children = (
				A694A7A91EFBECF8008BF4CF /* AppDelegate.swift */,
				A694A7B01EFBECF8008BF4CF /* Assets.xcassets */,
				A694A7B21EFBECF8008BF4CF /* LaunchScreen.storyboard */,
				A694A7B51EFBECF8008BF4CF /* Info.plist */,
				A6A469551EFD5842007DA66A /* Localizable.strings */,
				A6D59E791F028E0C0092B441 /* Constants.swift */,
				A606A75B1F015BF300E148AD /* Utils */,
				A606A71C1F015B4800E148AD /* Model */,
				A6755EEE1EFE96D6000A902F /* Services */,
				A694A7DB1EFC0836008BF4CF /* Extensions */,
				A694A7D01EFBF689008BF4CF /* Scenes */,
			);
			path = StockChart;
			sourceTree = "<group>";
		};
		A694A7BD1EFBECF8008BF4CF /* StockChartTests */ = {
			isa = PBXGroup;
			children = (
				A694A7BE1EFBECF8008BF4CF /* StockChartTests.swift */,
				A694A7C01EFBECF8008BF4CF /* Info.plist */,
			);
			path = StockChartTests;
			sourceTree = "<group>";
		};
		A694A7D01EFBF689008BF4CF /* Scenes */ = {
			isa = PBXGroup;
			children = (
				A694A7D31EFBF689008BF4CF /* Welcome */,
				A694A7D21EFBF689008BF4CF /* StockList */,
				A694A7D11EFBF689008BF4CF /* StockChart */,
				A694A7D61EFBF6E6008BF4CF /* BaseViewController.swift */,
			);
			path = Scenes;
			sourceTree = "<group>";
		};
		A694A7D11EFBF689008BF4CF /* StockChart */ = {
			isa = PBXGroup;
			children = (
				A6755EE01EFE9195000A902F /* StockChartConfigurator.swift */,
				A6755EE11EFE9195000A902F /* StockChartInteractor.swift */,
				A6755EE21EFE9195000A902F /* StockChartModels.swift */,
				A6755EE31EFE9195000A902F /* StockChartPresenter.swift */,
				A6755EE41EFE9195000A902F /* StockChartRouter.swift */,
				A6755EE51EFE9195000A902F /* StockChartViewController.swift */,
			);
			path = StockChart;
			sourceTree = "<group>";
		};
		A694A7D21EFBF689008BF4CF /* StockList */ = {
			isa = PBXGroup;
			children = (
				A6755ED41EFE90B4000A902F /* StockListConfigurator.swift */,
				A6755ED51EFE90B4000A902F /* StockListInteractor.swift */,
				A6755ED61EFE90B4000A902F /* StockListModels.swift */,
				A6755ED71EFE90B4000A902F /* StockListPresenter.swift */,
				A6755ED81EFE90B4000A902F /* StockListRouter.swift */,
				A6A4695A1EFD5FEF007DA66A /* StockListViewController.swift */,
			);
			path = StockList;
			sourceTree = "<group>";
		};
		A694A7D31EFBF689008BF4CF /* Welcome */ = {
			isa = PBXGroup;
			children = (
				A694A7D41EFBF6C0008BF4CF /* WelcomeViewController.swift */,
				A6A4695C1EFD6018007DA66A /* WelcomeRouter.swift */,
			);
			path = Welcome;
			sourceTree = "<group>";
		};
		A694A7DB1EFC0836008BF4CF /* Extensions */ = {
			isa = PBXGroup;
			children = (
				A694A7DC1EFC085D008BF4CF /* ReactiveCocoa+Utils.swift */,
			);
			path = Extensions;
			sourceTree = "<group>";
		};
/* End PBXGroup section */

/* Begin PBXNativeTarget section */
		A694A7A51EFBECF8008BF4CF /* StockChart */ = {
			isa = PBXNativeTarget;
			buildConfigurationList = A694A7C31EFBECF8008BF4CF /* Build configuration list for PBXNativeTarget "StockChart" */;
			buildPhases = (
				5FA895208378EBE109DA609B /* [CP] Check Pods Manifest.lock */,
				A694A7A21EFBECF8008BF4CF /* Sources */,
				A694A7A31EFBECF8008BF4CF /* Frameworks */,
				A694A7A41EFBECF8008BF4CF /* Resources */,
				BE4DABE301985E200FAA1A8E /* [CP] Embed Pods Frameworks */,
				E04DF44BA09BECC6F0050B45 /* [CP] Copy Pods Resources */,
			);
			buildRules = (
			);
			dependencies = (
			);
			name = StockChart;
			productName = StockChart;
			productReference = A694A7A61EFBECF8008BF4CF /* StockChart.app */;
			productType = "com.apple.product-type.application";
		};
		A694A7B91EFBECF8008BF4CF /* StockChartTests */ = {
			isa = PBXNativeTarget;
			buildConfigurationList = A694A7C61EFBECF8008BF4CF /* Build configuration list for PBXNativeTarget "StockChartTests" */;
			buildPhases = (
				C2BFE75E3C44C65D78A7E9AC /* [CP] Check Pods Manifest.lock */,
				A694A7B61EFBECF8008BF4CF /* Sources */,
				A694A7B71EFBECF8008BF4CF /* Frameworks */,
				A694A7B81EFBECF8008BF4CF /* Resources */,
				15596CB937D24B92E2CF0ABB /* [CP] Embed Pods Frameworks */,
				DDE8D28EC704ABD79C9E034E /* [CP] Copy Pods Resources */,
			);
			buildRules = (
			);
			dependencies = (
				A694A7BC1EFBECF8008BF4CF /* PBXTargetDependency */,
			);
			name = StockChartTests;
			productName = StockChartTests;
			productReference = A694A7BA1EFBECF8008BF4CF /* StockChartTests.xctest */;
			productType = "com.apple.product-type.bundle.unit-test";
		};
/* End PBXNativeTarget section */

/* Begin PBXProject section */
		A694A79E1EFBECF8008BF4CF /* Project object */ = {
			isa = PBXProject;
			attributes = {
				LastSwiftUpdateCheck = 0830;
				LastUpgradeCheck = 0830;
				ORGANIZATIONNAME = haile;
				TargetAttributes = {
					A694A7A51EFBECF8008BF4CF = {
						CreatedOnToolsVersion = 8.3.2;
						ProvisioningStyle = Automatic;
					};
					A694A7B91EFBECF8008BF4CF = {
						CreatedOnToolsVersion = 8.3.2;
						ProvisioningStyle = Automatic;
						TestTargetID = A694A7A51EFBECF8008BF4CF;
					};
				};
			};
			buildConfigurationList = A694A7A11EFBECF8008BF4CF /* Build configuration list for PBXProject "StockChart" */;
			compatibilityVersion = "Xcode 3.2";
			developmentRegion = English;
			hasScannedForEncodings = 0;
			knownRegions = (
				en,
				Base,
			);
			mainGroup = A694A79D1EFBECF8008BF4CF;
			productRefGroup = A694A7A71EFBECF8008BF4CF /* Products */;
			projectDirPath = "";
			projectRoot = "";
			targets = (
				A694A7A51EFBECF8008BF4CF /* StockChart */,
				A694A7B91EFBECF8008BF4CF /* StockChartTests */,
			);
		};
/* End PBXProject section */

/* Begin PBXResourcesBuildPhase section */
		A694A7A41EFBECF8008BF4CF /* Resources */ = {
			isa = PBXResourcesBuildPhase;
			buildActionMask = 2147483647;
			files = (
				A694A7CE1EFBF0B4008BF4CF /* Podfile in Resources */,
				A6A469531EFD5842007DA66A /* Localizable.strings in Resources */,
				A694A7B41EFBECF8008BF4CF /* LaunchScreen.storyboard in Resources */,
				A694A7B11EFBECF8008BF4CF /* Assets.xcassets in Resources */,
			);
			runOnlyForDeploymentPostprocessing = 0;
		};
		A694A7B81EFBECF8008BF4CF /* Resources */ = {
			isa = PBXResourcesBuildPhase;
			buildActionMask = 2147483647;
			files = (
			);
			runOnlyForDeploymentPostprocessing = 0;
		};
/* End PBXResourcesBuildPhase section */

/* Begin PBXShellScriptBuildPhase section */
		15596CB937D24B92E2CF0ABB /* [CP] Embed Pods Frameworks */ = {
			isa = PBXShellScriptBuildPhase;
			buildActionMask = 2147483647;
			files = (
			);
			inputPaths = (
			);
			name = "[CP] Embed Pods Frameworks";
			outputPaths = (
			);
			runOnlyForDeploymentPostprocessing = 0;
			shellPath = /bin/sh;
			shellScript = "\"${SRCROOT}/Pods/Target Support Files/Pods-StockChartTests/Pods-StockChartTests-frameworks.sh\"\n";
			showEnvVarsInLog = 0;
		};
		5FA895208378EBE109DA609B /* [CP] Check Pods Manifest.lock */ = {
			isa = PBXShellScriptBuildPhase;
			buildActionMask = 2147483647;
			files = (
			);
			inputPaths = (
			);
			name = "[CP] Check Pods Manifest.lock";
			outputPaths = (
			);
			runOnlyForDeploymentPostprocessing = 0;
			shellPath = /bin/sh;
			shellScript = "diff \"${PODS_ROOT}/../Podfile.lock\" \"${PODS_ROOT}/Manifest.lock\" > /dev/null\nif [ $? != 0 ] ; then\n    # print error to STDERR\n    echo \"error: The sandbox is not in sync with the Podfile.lock. Run 'pod install' or update your CocoaPods installation.\" >&2\n    exit 1\nfi\n";
			showEnvVarsInLog = 0;
		};
		BE4DABE301985E200FAA1A8E /* [CP] Embed Pods Frameworks */ = {
			isa = PBXShellScriptBuildPhase;
			buildActionMask = 2147483647;
			files = (
			);
			inputPaths = (
			);
			name = "[CP] Embed Pods Frameworks";
			outputPaths = (
			);
			runOnlyForDeploymentPostprocessing = 0;
			shellPath = /bin/sh;
			shellScript = "\"${SRCROOT}/Pods/Target Support Files/Pods-StockChart/Pods-StockChart-frameworks.sh\"\n";
			showEnvVarsInLog = 0;
		};
		C2BFE75E3C44C65D78A7E9AC /* [CP] Check Pods Manifest.lock */ = {
			isa = PBXShellScriptBuildPhase;
			buildActionMask = 2147483647;
			files = (
			);
			inputPaths = (
			);
			name = "[CP] Check Pods Manifest.lock";
			outputPaths = (
			);
			runOnlyForDeploymentPostprocessing = 0;
			shellPath = /bin/sh;
			shellScript = "diff \"${PODS_ROOT}/../Podfile.lock\" \"${PODS_ROOT}/Manifest.lock\" > /dev/null\nif [ $? != 0 ] ; then\n    # print error to STDERR\n    echo \"error: The sandbox is not in sync with the Podfile.lock. Run 'pod install' or update your CocoaPods installation.\" >&2\n    exit 1\nfi\n";
			showEnvVarsInLog = 0;
		};
		DDE8D28EC704ABD79C9E034E /* [CP] Copy Pods Resources */ = {
			isa = PBXShellScriptBuildPhase;
			buildActionMask = 2147483647;
			files = (
			);
			inputPaths = (
			);
			name = "[CP] Copy Pods Resources";
			outputPaths = (
			);
			runOnlyForDeploymentPostprocessing = 0;
			shellPath = /bin/sh;
			shellScript = "\"${SRCROOT}/Pods/Target Support Files/Pods-StockChartTests/Pods-StockChartTests-resources.sh\"\n";
			showEnvVarsInLog = 0;
		};
		E04DF44BA09BECC6F0050B45 /* [CP] Copy Pods Resources */ = {
			isa = PBXShellScriptBuildPhase;
			buildActionMask = 2147483647;
			files = (
			);
			inputPaths = (
			);
			name = "[CP] Copy Pods Resources";
			outputPaths = (
			);
			runOnlyForDeploymentPostprocessing = 0;
			shellPath = /bin/sh;
			shellScript = "\"${SRCROOT}/Pods/Target Support Files/Pods-StockChart/Pods-StockChart-resources.sh\"\n";
			showEnvVarsInLog = 0;
		};
/* End PBXShellScriptBuildPhase section */

/* Begin PBXSourcesBuildPhase section */
		A694A7A21EFBECF8008BF4CF /* Sources */ = {
			isa = PBXSourcesBuildPhase;
			buildActionMask = 2147483647;
			files = (
				A694A7DD1EFC085D008BF4CF /* ReactiveCocoa+Utils.swift in Sources */,
				A694A7AA1EFBECF8008BF4CF /* AppDelegate.swift in Sources */,
				A694A7D51EFBF6C0008BF4CF /* WelcomeViewController.swift in Sources */,
				A6755EE81EFE9195000A902F /* StockChartInteractor.swift in Sources */,
				A6755EF31EFF0B83000A902F /* ServerRepository.swift in Sources */,
				A6755EDA1EFE90B4000A902F /* StockListConfigurator.swift in Sources */,
				A6D59E7A1F028E0C0092B441 /* Constants.swift in Sources */,
				A6755EE91EFE9195000A902F /* StockChartModels.swift in Sources */,
				A6A4695D1EFD6018007DA66A /* WelcomeRouter.swift in Sources */,
				A606A75D1F0162D500E148AD /* AnimationHelper.swift in Sources */,
				A6D59E7C1F029B1C0092B441 /* UIView+Utils.swift in Sources */,
				A6755EDE1EFE90B4000A902F /* StockListRouter.swift in Sources */,
				A6755EEB1EFE9195000A902F /* StockChartRouter.swift in Sources */,
				A6755EEA1EFE9195000A902F /* StockChartPresenter.swift in Sources */,
				A694A7D71EFBF6E6008BF4CF /* BaseViewController.swift in Sources */,
				A6755EEC1EFE9195000A902F /* StockChartViewController.swift in Sources */,
				A6755EDC1EFE90B4000A902F /* StockListModels.swift in Sources */,
				A6755EE71EFE9195000A902F /* StockChartConfigurator.swift in Sources */,
				A6A4695B1EFD5FEF007DA66A /* StockListViewController.swift in Sources */,
				A6755EDB1EFE90B4000A902F /* StockListInteractor.swift in Sources */,
				A6755EDD1EFE90B4000A902F /* StockListPresenter.swift in Sources */,
				A606A71E1F015B5A00E148AD /* Stock.swift in Sources */,
				A6943BA11F01AD81001F7CDA /* StockGenerator.swift in Sources */,
				A6755EF11EFF0B60000A902F /* Repository.swift in Sources */,
			);
			runOnlyForDeploymentPostprocessing = 0;
		};
		A694A7B61EFBECF8008BF4CF /* Sources */ = {
			isa = PBXSourcesBuildPhase;
			buildActionMask = 2147483647;
			files = (
				A694A7BF1EFBECF8008BF4CF /* StockChartTests.swift in Sources */,
			);
			runOnlyForDeploymentPostprocessing = 0;
		};
/* End PBXSourcesBuildPhase section */

/* Begin PBXTargetDependency section */
		A694A7BC1EFBECF8008BF4CF /* PBXTargetDependency */ = {
			isa = PBXTargetDependency;
			target = A694A7A51EFBECF8008BF4CF /* StockChart */;
			targetProxy = A694A7BB1EFBECF8008BF4CF /* PBXContainerItemProxy */;
		};
/* End PBXTargetDependency section */

/* Begin PBXVariantGroup section */
		A694A7B21EFBECF8008BF4CF /* LaunchScreen.storyboard */ = {
			isa = PBXVariantGroup;
			children = (
				A694A7B31EFBECF8008BF4CF /* Base */,
			);
			name = LaunchScreen.storyboard;
			sourceTree = "<group>";
		};
		A6A469551EFD5842007DA66A /* Localizable.strings */ = {
			isa = PBXVariantGroup;
			children = (
				A6A469591EFD589F007DA66A /* en */,
			);
			name = Localizable.strings;
			sourceTree = "<group>";
		};
/* End PBXVariantGroup section */

/* Begin XCBuildConfiguration section */
		A694A7C11EFBECF8008BF4CF /* Debug */ = {
			isa = XCBuildConfiguration;
			buildSettings = {
				ALWAYS_SEARCH_USER_PATHS = NO;
				CLANG_ANALYZER_NONNULL = YES;
				CLANG_ANALYZER_NUMBER_OBJECT_CONVERSION = YES_AGGRESSIVE;
				CLANG_CXX_LANGUAGE_STANDARD = "gnu++0x";
				CLANG_CXX_LIBRARY = "libc++";
				CLANG_ENABLE_MODULES = YES;
				CLANG_ENABLE_OBJC_ARC = YES;
				CLANG_WARN_BOOL_CONVERSION = YES;
				CLANG_WARN_CONSTANT_CONVERSION = YES;
				CLANG_WARN_DIRECT_OBJC_ISA_USAGE = YES_ERROR;
				CLANG_WARN_DOCUMENTATION_COMMENTS = YES;
				CLANG_WARN_EMPTY_BODY = YES;
				CLANG_WARN_ENUM_CONVERSION = YES;
				CLANG_WARN_INFINITE_RECURSION = YES;
				CLANG_WARN_INT_CONVERSION = YES;
				CLANG_WARN_OBJC_ROOT_CLASS = YES_ERROR;
				CLANG_WARN_SUSPICIOUS_MOVE = YES;
				CLANG_WARN_UNREACHABLE_CODE = YES;
				CLANG_WARN__DUPLICATE_METHOD_MATCH = YES;
				"CODE_SIGN_IDENTITY[sdk=iphoneos*]" = "iPhone Developer";
				COPY_PHASE_STRIP = NO;
				DEBUG_INFORMATION_FORMAT = dwarf;
				ENABLE_STRICT_OBJC_MSGSEND = YES;
				ENABLE_TESTABILITY = YES;
				GCC_C_LANGUAGE_STANDARD = gnu99;
				GCC_DYNAMIC_NO_PIC = NO;
				GCC_NO_COMMON_BLOCKS = YES;
				GCC_OPTIMIZATION_LEVEL = 0;
				GCC_PREPROCESSOR_DEFINITIONS = (
					"DEBUG=1",
					"$(inherited)",
				);
				GCC_WARN_64_TO_32_BIT_CONVERSION = YES;
				GCC_WARN_ABOUT_RETURN_TYPE = YES_ERROR;
				GCC_WARN_UNDECLARED_SELECTOR = YES;
				GCC_WARN_UNINITIALIZED_AUTOS = YES_AGGRESSIVE;
				GCC_WARN_UNUSED_FUNCTION = YES;
				GCC_WARN_UNUSED_VARIABLE = YES;
				IPHONEOS_DEPLOYMENT_TARGET = 10.3;
				MTL_ENABLE_DEBUG_INFO = YES;
				ONLY_ACTIVE_ARCH = YES;
				SDKROOT = iphoneos;
				SWIFT_ACTIVE_COMPILATION_CONDITIONS = DEBUG;
				SWIFT_OPTIMIZATION_LEVEL = "-Onone";
			};
			name = Debug;
		};
		A694A7C21EFBECF8008BF4CF /* Release */ = {
			isa = XCBuildConfiguration;
			buildSettings = {
				ALWAYS_SEARCH_USER_PATHS = NO;
				CLANG_ANALYZER_NONNULL = YES;
				CLANG_ANALYZER_NUMBER_OBJECT_CONVERSION = YES_AGGRESSIVE;
				CLANG_CXX_LANGUAGE_STANDARD = "gnu++0x";
				CLANG_CXX_LIBRARY = "libc++";
				CLANG_ENABLE_MODULES = YES;
				CLANG_ENABLE_OBJC_ARC = YES;
				CLANG_WARN_BOOL_CONVERSION = YES;
				CLANG_WARN_CONSTANT_CONVERSION = YES;
				CLANG_WARN_DIRECT_OBJC_ISA_USAGE = YES_ERROR;
				CLANG_WARN_DOCUMENTATION_COMMENTS = YES;
				CLANG_WARN_EMPTY_BODY = YES;
				CLANG_WARN_ENUM_CONVERSION = YES;
				CLANG_WARN_INFINITE_RECURSION = YES;
				CLANG_WARN_INT_CONVERSION = YES;
				CLANG_WARN_OBJC_ROOT_CLASS = YES_ERROR;
				CLANG_WARN_SUSPICIOUS_MOVE = YES;
				CLANG_WARN_UNREACHABLE_CODE = YES;
				CLANG_WARN__DUPLICATE_METHOD_MATCH = YES;
				"CODE_SIGN_IDENTITY[sdk=iphoneos*]" = "iPhone Developer";
				COPY_PHASE_STRIP = NO;
				DEBUG_INFORMATION_FORMAT = "dwarf-with-dsym";
				ENABLE_NS_ASSERTIONS = NO;
				ENABLE_STRICT_OBJC_MSGSEND = YES;
				GCC_C_LANGUAGE_STANDARD = gnu99;
				GCC_NO_COMMON_BLOCKS = YES;
				GCC_WARN_64_TO_32_BIT_CONVERSION = YES;
				GCC_WARN_ABOUT_RETURN_TYPE = YES_ERROR;
				GCC_WARN_UNDECLARED_SELECTOR = YES;
				GCC_WARN_UNINITIALIZED_AUTOS = YES_AGGRESSIVE;
				GCC_WARN_UNUSED_FUNCTION = YES;
				GCC_WARN_UNUSED_VARIABLE = YES;
				IPHONEOS_DEPLOYMENT_TARGET = 10.3;
				MTL_ENABLE_DEBUG_INFO = NO;
				SDKROOT = iphoneos;
				SWIFT_OPTIMIZATION_LEVEL = "-Owholemodule";
				VALIDATE_PRODUCT = YES;
			};
			name = Release;
		};
		A694A7C41EFBECF8008BF4CF /* Debug */ = {
			isa = XCBuildConfiguration;
			baseConfigurationReference = C7DD05DAE7267B5ACFD778FD /* Pods-StockChart.debug.xcconfig */;
			buildSettings = {
				ASSETCATALOG_COMPILER_APPICON_NAME = AppIcon;
				INFOPLIST_FILE = StockChart/Info.plist;
				IPHONEOS_DEPLOYMENT_TARGET = 9.0;
				LD_RUNPATH_SEARCH_PATHS = "$(inherited) @executable_path/Frameworks";
				PRODUCT_BUNDLE_IDENTIFIER = com.haile.StockChart;
				PRODUCT_NAME = "$(TARGET_NAME)";
				SWIFT_VERSION = 3.0;
			};
			name = Debug;
		};
		A694A7C51EFBECF8008BF4CF /* Release */ = {
			isa = XCBuildConfiguration;
			baseConfigurationReference = E4239F36C4022599BA8C56F2 /* Pods-StockChart.release.xcconfig */;
			buildSettings = {
				ASSETCATALOG_COMPILER_APPICON_NAME = AppIcon;
				INFOPLIST_FILE = StockChart/Info.plist;
				IPHONEOS_DEPLOYMENT_TARGET = 9.0;
				LD_RUNPATH_SEARCH_PATHS = "$(inherited) @executable_path/Frameworks";
				PRODUCT_BUNDLE_IDENTIFIER = com.haile.StockChart;
				PRODUCT_NAME = "$(TARGET_NAME)";
				SWIFT_VERSION = 3.0;
			};
			name = Release;
		};
		A694A7C71EFBECF8008BF4CF /* Debug */ = {
			isa = XCBuildConfiguration;
			baseConfigurationReference = A0A3D5452804CC6EE101F28F /* Pods-StockChartTests.debug.xcconfig */;
			buildSettings = {
				ALWAYS_EMBED_SWIFT_STANDARD_LIBRARIES = YES;
				BUNDLE_LOADER = "$(TEST_HOST)";
				INFOPLIST_FILE = StockChartTests/Info.plist;
				LD_RUNPATH_SEARCH_PATHS = "$(inherited) @executable_path/Frameworks @loader_path/Frameworks";
				PRODUCT_BUNDLE_IDENTIFIER = com.haile.StockChartTests;
				PRODUCT_NAME = "$(TARGET_NAME)";
				SWIFT_VERSION = 3.0;
				TEST_HOST = "$(BUILT_PRODUCTS_DIR)/StockChart.app/StockChart";
			};
			name = Debug;
		};
		A694A7C81EFBECF8008BF4CF /* Release */ = {
			isa = XCBuildConfiguration;
			baseConfigurationReference = 73090625AB0278AB9ECAC9AC /* Pods-StockChartTests.release.xcconfig */;
			buildSettings = {
				ALWAYS_EMBED_SWIFT_STANDARD_LIBRARIES = YES;
				BUNDLE_LOADER = "$(TEST_HOST)";
				INFOPLIST_FILE = StockChartTests/Info.plist;
				LD_RUNPATH_SEARCH_PATHS = "$(inherited) @executable_path/Frameworks @loader_path/Frameworks";
				PRODUCT_BUNDLE_IDENTIFIER = com.haile.StockChartTests;
				PRODUCT_NAME = "$(TARGET_NAME)";
				SWIFT_VERSION = 3.0;
				TEST_HOST = "$(BUILT_PRODUCTS_DIR)/StockChart.app/StockChart";
			};
			name = Release;
		};
/* End XCBuildConfiguration section */

/* Begin XCConfigurationList section */
		A694A7A11EFBECF8008BF4CF /* Build configuration list for PBXProject "StockChart" */ = {
			isa = XCConfigurationList;
			buildConfigurations = (
				A694A7C11EFBECF8008BF4CF /* Debug */,
				A694A7C21EFBECF8008BF4CF /* Release */,
			);
			defaultConfigurationIsVisible = 0;
			defaultConfigurationName = Release;
		};
		A694A7C31EFBECF8008BF4CF /* Build configuration list for PBXNativeTarget "StockChart" */ = {
			isa = XCConfigurationList;
			buildConfigurations = (
				A694A7C41EFBECF8008BF4CF /* Debug */,
				A694A7C51EFBECF8008BF4CF /* Release */,
			);
			defaultConfigurationIsVisible = 0;
			defaultConfigurationName = Release;
		};
		A694A7C61EFBECF8008BF4CF /* Build configuration list for PBXNativeTarget "StockChartTests" */ = {
			isa = XCConfigurationList;
			buildConfigurations = (
				A694A7C71EFBECF8008BF4CF /* Debug */,
				A694A7C81EFBECF8008BF4CF /* Release */,
			);
			defaultConfigurationIsVisible = 0;
			defaultConfigurationName = Release;
		};
/* End XCConfigurationList section */
	};
	rootObject = A694A79E1EFBECF8008BF4CF /* Project object */;
}
