// !$*UTF8*$!
{
	archiveVersion = 1;
	classes = {
	};
	objectVersion = 46;
	objects = {

/* Begin PBXBuildFile section */
		A694A7AA1EFBECF8008BF4CF /* AppDelegate.swift in Sources */ = {isa = PBXBuildFile; fileRef = A694A7A91EFBECF8008BF4CF /* AppDelegate.swift */; };
		A694A7AC1EFBECF8008BF4CF /* ViewController.swift in Sources */ = {isa = PBXBuildFile; fileRef = A694A7AB1EFBECF8008BF4CF /* ViewController.swift */; };
		A694A7AF1EFBECF8008BF4CF /* Main.storyboard in Resources */ = {isa = PBXBuildFile; fileRef = A694A7AD1EFBECF8008BF4CF /* Main.storyboard */; };
		A694A7B11EFBECF8008BF4CF /* Assets.xcassets in Resources */ = {isa = PBXBuildFile; fileRef = A694A7B01EFBECF8008BF4CF /* Assets.xcassets */; };
		A694A7B41EFBECF8008BF4CF /* LaunchScreen.storyboard in Resources */ = {isa = PBXBuildFile; fileRef = A694A7B21EFBECF8008BF4CF /* LaunchScreen.storyboard */; };
		A694A7BF1EFBECF8008BF4CF /* StockChartTests.swift in Sources */ = {isa = PBXBuildFile; fileRef = A694A7BE1EFBECF8008BF4CF /* StockChartTests.swift */; };
/* End PBXBuildFile section */

/* Begin PBXContainerItemProxy section */
		A694A7BB1EFBECF8008BF4CF /* PBXContainerItemProxy */ = {
			isa = PBXContainerItemProxy;
			containerPortal = A694A79E1EFBECF8008BF4CF /* Project object */;
			proxyType = 1;
			remoteGlobalIDString = A694A7A51EFBECF8008BF4CF;
			remoteInfo = StockChart;
		};
/* End PBXContainerItemProxy section */

/* Begin PBXFileReference section */
		A694A7A61EFBECF8008BF4CF /* StockChart.app */ = {isa = PBXFileReference; explicitFileType = wrapper.application; includeInIndex = 0; path = StockChart.app; sourceTree = BUILT_PRODUCTS_DIR; };
		A694A7A91EFBECF8008BF4CF /* AppDelegate.swift */ = {isa = PBXFileReference; lastKnownFileType = sourcecode.swift; path = AppDelegate.swift; sourceTree = "<group>"; };
		A694A7AB1EFBECF8008BF4CF /* ViewController.swift */ = {isa = PBXFileReference; lastKnownFileType = sourcecode.swift; path = ViewController.swift; sourceTree = "<group>"; };
		A694A7AE1EFBECF8008BF4CF /* Base */ = {isa = PBXFileReference; lastKnownFileType = file.storyboard; name = Base; path = Base.lproj/Main.storyboard; sourceTree = "<group>"; };
		A694A7B01EFBECF8008BF4CF /* Assets.xcassets */ = {isa = PBXFileReference; lastKnownFileType = folder.assetcatalog; path = Assets.xcassets; sourceTree = "<group>"; };
		A694A7B31EFBECF8008BF4CF /* Base */ = {isa = PBXFileReference; lastKnownFileType = file.storyboard; name = Base; path = Base.lproj/LaunchScreen.storyboard; sourceTree = "<group>"; };
		A694A7B51EFBECF8008BF4CF /* Info.plist */ = {isa = PBXFileReference; lastKnownFileType = text.plist.xml; path = Info.plist; sourceTree = "<group>"; };
		A694A7BA1EFBECF8008BF4CF /* StockChartTests.xctest */ = {isa = PBXFileReference; explicitFileType = wrapper.cfbundle; includeInIndex = 0; path = StockChartTests.xctest; sourceTree = BUILT_PRODUCTS_DIR; };
		A694A7BE1EFBECF8008BF4CF /* StockChartTests.swift */ = {isa = PBXFileReference; lastKnownFileType = sourcecode.swift; path = StockChartTests.swift; sourceTree = "<group>"; };
		A694A7C01EFBECF8008BF4CF /* Info.plist */ = {isa = PBXFileReference; lastKnownFileType = text.plist.xml; path = Info.plist; sourceTree = "<group>"; };
/* End PBXFileReference section */

/* Begin PBXFrameworksBuildPhase section */
		A694A7A31EFBECF8008BF4CF /* Frameworks */ = {
			isa = PBXFrameworksBuildPhase;
			buildActionMask = 2147483647;
			files = (
			);
			runOnlyForDeploymentPostprocessing = 0;
		};
		A694A7B71EFBECF8008BF4CF /* Frameworks */ = {
			isa = PBXFrameworksBuildPhase;
			buildActionMask = 2147483647;
			files = (
			);
			runOnlyForDeploymentPostprocessing = 0;
		};
/* End PBXFrameworksBuildPhase section */

/* Begin PBXGroup section */
		A694A79D1EFBECF8008BF4CF = {
			isa = PBXGroup;
			children = (
				A694A7A81EFBECF8008BF4CF /* StockChart */,
				A694A7BD1EFBECF8008BF4CF /* StockChartTests */,
				A694A7A71EFBECF8008BF4CF /* Products */,
			);
			sourceTree = "<group>";
		};
		A694A7A71EFBECF8008BF4CF /* Products */ = {
			isa = PBXGroup;
			children = (
				A694A7A61EFBECF8008BF4CF /* StockChart.app */,
				A694A7BA1EFBECF8008BF4CF /* StockChartTests.xctest */,
			);
			name = Products;
			sourceTree = "<group>";
		};
		A694A7A81EFBECF8008BF4CF /* StockChart */ = {
			isa = PBXGroup;
			children = (
				A694A7A91EFBECF8008BF4CF /* AppDelegate.swift */,
				A694A7AB1EFBECF8008BF4CF /* ViewController.swift */,
				A694A7AD1EFBECF8008BF4CF /* Main.storyboard */,
				A694A7B01EFBECF8008BF4CF /* Assets.xcassets */,
				A694A7B21EFBECF8008BF4CF /* LaunchScreen.storyboard */,
				A694A7B51EFBECF8008BF4CF /* Info.plist */,
			);
			path = StockChart;
			sourceTree = "<group>";
		};
		A694A7BD1EFBECF8008BF4CF /* StockChartTests */ = {
			isa = PBXGroup;
			children = (
				A694A7BE1EFBECF8008BF4CF /* StockChartTests.swift */,
				A694A7C01EFBECF8008BF4CF /* Info.plist */,
			);
			path = StockChartTests;
			sourceTree = "<group>";
		};
/* End PBXGroup section */

/* Begin PBXNativeTarget section */
		A694A7A51EFBECF8008BF4CF /* StockChart */ = {
			isa = PBXNativeTarget;
			buildConfigurationList = A694A7C31EFBECF8008BF4CF /* Build configuration list for PBXNativeTarget "StockChart" */;
			buildPhases = (
				A694A7A21EFBECF8008BF4CF /* Sources */,
				A694A7A31EFBECF8008BF4CF /* Frameworks */,
				A694A7A41EFBECF8008BF4CF /* Resources */,
			);
			buildRules = (
			);
			dependencies = (
			);
			name = StockChart;
			productName = StockChart;
			productReference = A694A7A61EFBECF8008BF4CF /* StockChart.app */;
			productType = "com.apple.product-type.application";
		};
		A694A7B91EFBECF8008BF4CF /* StockChartTests */ = {
			isa = PBXNativeTarget;
			buildConfigurationList = A694A7C61EFBECF8008BF4CF /* Build configuration list for PBXNativeTarget "StockChartTests" */;
			buildPhases = (
				A694A7B61EFBECF8008BF4CF /* Sources */,
				A694A7B71EFBECF8008BF4CF /* Frameworks */,
				A694A7B81EFBECF8008BF4CF /* Resources */,
			);
			buildRules = (
			);
			dependencies = (
				A694A7BC1EFBECF8008BF4CF /* PBXTargetDependency */,
			);
			name = StockChartTests;
			productName = StockChartTests;
			productReference = A694A7BA1EFBECF8008BF4CF /* StockChartTests.xctest */;
			productType = "com.apple.product-type.bundle.unit-test";
		};
/* End PBXNativeTarget section */

/* Begin PBXProject section */
		A694A79E1EFBECF8008BF4CF /* Project object */ = {
			isa = PBXProject;
			attributes = {
				LastSwiftUpdateCheck = 0830;
				LastUpgradeCheck = 0830;
				ORGANIZATIONNAME = haile;
				TargetAttributes = {
					A694A7A51EFBECF8008BF4CF = {
						CreatedOnToolsVersion = 8.3.2;
						ProvisioningStyle = Automatic;
					};
					A694A7B91EFBECF8008BF4CF = {
						CreatedOnToolsVersion = 8.3.2;
						ProvisioningStyle = Automatic;
						TestTargetID = A694A7A51EFBECF8008BF4CF;
					};
				};
			};
			buildConfigurationList = A694A7A11EFBECF8008BF4CF /* Build configuration list for PBXProject "StockChart" */;
			compatibilityVersion = "Xcode 3.2";
			developmentRegion = English;
			hasScannedForEncodings = 0;
			knownRegions = (
				en,
				Base,
			);
			mainGroup = A694A79D1EFBECF8008BF4CF;
			productRefGroup = A694A7A71EFBECF8008BF4CF /* Products */;
			projectDirPath = "";
			projectRoot = "";
			targets = (
				A694A7A51EFBECF8008BF4CF /* StockChart */,
				A694A7B91EFBECF8008BF4CF /* StockChartTests */,
			);
		};
/* End PBXProject section */

/* Begin PBXResourcesBuildPhase section */
		A694A7A41EFBECF8008BF4CF /* Resources */ = {
			isa = PBXResourcesBuildPhase;
			buildActionMask = 2147483647;
			files = (
				A694A7B41EFBECF8008BF4CF /* LaunchScreen.storyboard in Resources */,
				A694A7B11EFBECF8008BF4CF /* Assets.xcassets in Resources */,
				A694A7AF1EFBECF8008BF4CF /* Main.storyboard in Resources */,
			);
			runOnlyForDeploymentPostprocessing = 0;
		};
		A694A7B81EFBECF8008BF4CF /* Resources */ = {
			isa = PBXResourcesBuildPhase;
			buildActionMask = 2147483647;
			files = (
			);
			runOnlyForDeploymentPostprocessing = 0;
		};
/* End PBXResourcesBuildPhase section */

/* Begin PBXSourcesBuildPhase section */
		A694A7A21EFBECF8008BF4CF /* Sources */ = {
			isa = PBXSourcesBuildPhase;
			buildActionMask = 2147483647;
			files = (
				A694A7AC1EFBECF8008BF4CF /* ViewController.swift in Sources */,
				A694A7AA1EFBECF8008BF4CF /* AppDelegate.swift in Sources */,
			);
			runOnlyForDeploymentPostprocessing = 0;
		};
		A694A7B61EFBECF8008BF4CF /* Sources */ = {
			isa = PBXSourcesBuildPhase;
			buildActionMask = 2147483647;
			files = (
				A694A7BF1EFBECF8008BF4CF /* StockChartTests.swift in Sources */,
			);
			runOnlyForDeploymentPostprocessing = 0;
		};
/* End PBXSourcesBuildPhase section */

/* Begin PBXTargetDependency section */
		A694A7BC1EFBECF8008BF4CF /* PBXTargetDependency */ = {
			isa = PBXTargetDependency;
			target = A694A7A51EFBECF8008BF4CF /* StockChart */;
			targetProxy = A694A7BB1EFBECF8008BF4CF /* PBXContainerItemProxy */;
		};
/* End PBXTargetDependency section */

/* Begin PBXVariantGroup section */
		A694A7AD1EFBECF8008BF4CF /* Main.storyboard */ = {
			isa = PBXVariantGroup;
			children = (
				A694A7AE1EFBECF8008BF4CF /* Base */,
			);
			name = Main.storyboard;
			sourceTree = "<group>";
		};
		A694A7B21EFBECF8008BF4CF /* LaunchScreen.storyboard */ = {
			isa = PBXVariantGroup;
			children = (
				A694A7B31EFBECF8008BF4CF /* Base */,
			);
			name = LaunchScreen.storyboard;
			sourceTree = "<group>";
		};
/* End PBXVariantGroup section */

/* Begin XCBuildConfiguration section */
		A694A7C11EFBECF8008BF4CF /* Debug */ = {
			isa = XCBuildConfiguration;
			buildSettings = {
				ALWAYS_SEARCH_USER_PATHS = NO;
				CLANG_ANALYZER_NONNULL = YES;
				CLANG_ANALYZER_NUMBER_OBJECT_CONVERSION = YES_AGGRESSIVE;
				CLANG_CXX_LANGUAGE_STANDARD = "gnu++0x";
				CLANG_CXX_LIBRARY = "libc++";
				CLANG_ENABLE_MODULES = YES;
				CLANG_ENABLE_OBJC_ARC = YES;
				CLANG_WARN_BOOL_CONVERSION = YES;
				CLANG_WARN_CONSTANT_CONVERSION = YES;
				CLANG_WARN_DIRECT_OBJC_ISA_USAGE = YES_ERROR;
				CLANG_WARN_DOCUMENTATION_COMMENTS = YES;
				CLANG_WARN_EMPTY_BODY = YES;
				CLANG_WARN_ENUM_CONVERSION = YES;
				CLANG_WARN_INFINITE_RECURSION = YES;
				CLANG_WARN_INT_CONVERSION = YES;
				CLANG_WARN_OBJC_ROOT_CLASS = YES_ERROR;
				CLANG_WARN_SUSPICIOUS_MOVE = YES;
				CLANG_WARN_UNREACHABLE_CODE = YES;
				CLANG_WARN__DUPLICATE_METHOD_MATCH = YES;
				"CODE_SIGN_IDENTITY[sdk=iphoneos*]" = "iPhone Developer";
				COPY_PHASE_STRIP = NO;
				DEBUG_INFORMATION_FORMAT = dwarf;
				ENABLE_STRICT_OBJC_MSGSEND = YES;
				ENABLE_TESTABILITY = YES;
				GCC_C_LANGUAGE_STANDARD = gnu99;
				GCC_DYNAMIC_NO_PIC = NO;
				GCC_NO_COMMON_BLOCKS = YES;
				GCC_OPTIMIZATION_LEVEL = 0;
				GCC_PREPROCESSOR_DEFINITIONS = (
					"DEBUG=1",
					"$(inherited)",
				);
				GCC_WARN_64_TO_32_BIT_CONVERSION = YES;
				GCC_WARN_ABOUT_RETURN_TYPE = YES_ERROR;
				GCC_WARN_UNDECLARED_SELECTOR = YES;
				GCC_WARN_UNINITIALIZED_AUTOS = YES_AGGRESSIVE;
				GCC_WARN_UNUSED_FUNCTION = YES;
				GCC_WARN_UNUSED_VARIABLE = YES;
				IPHONEOS_DEPLOYMENT_TARGET = 10.3;
				MTL_ENABLE_DEBUG_INFO = YES;
				ONLY_ACTIVE_ARCH = YES;
				SDKROOT = iphoneos;
				SWIFT_ACTIVE_COMPILATION_CONDITIONS = DEBUG;
				SWIFT_OPTIMIZATION_LEVEL = "-Onone";
			};
			name = Debug;
		};
		A694A7C21EFBECF8008BF4CF /* Release */ = {
			isa = XCBuildConfiguration;
			buildSettings = {
				ALWAYS_SEARCH_USER_PATHS = NO;
				CLANG_ANALYZER_NONNULL = YES;
				CLANG_ANALYZER_NUMBER_OBJECT_CONVERSION = YES_AGGRESSIVE;
				CLANG_CXX_LANGUAGE_STANDARD = "gnu++0x";
				CLANG_CXX_LIBRARY = "libc++";
				CLANG_ENABLE_MODULES = YES;
				CLANG_ENABLE_OBJC_ARC = YES;
				CLANG_WARN_BOOL_CONVERSION = YES;
				CLANG_WARN_CONSTANT_CONVERSION = YES;
				CLANG_WARN_DIRECT_OBJC_ISA_USAGE = YES_ERROR;
				CLANG_WARN_DOCUMENTATION_COMMENTS = YES;
				CLANG_WARN_EMPTY_BODY = YES;
				CLANG_WARN_ENUM_CONVERSION = YES;
				CLANG_WARN_INFINITE_RECURSION = YES;
				CLANG_WARN_INT_CONVERSION = YES;
				CLANG_WARN_OBJC_ROOT_CLASS = YES_ERROR;
				CLANG_WARN_SUSPICIOUS_MOVE = YES;
				CLANG_WARN_UNREACHABLE_CODE = YES;
				CLANG_WARN__DUPLICATE_METHOD_MATCH = YES;
				"CODE_SIGN_IDENTITY[sdk=iphoneos*]" = "iPhone Developer";
				COPY_PHASE_STRIP = NO;
				DEBUG_INFORMATION_FORMAT = "dwarf-with-dsym";
				ENABLE_NS_ASSERTIONS = NO;
				ENABLE_STRICT_OBJC_MSGSEND = YES;
				GCC_C_LANGUAGE_STANDARD = gnu99;
				GCC_NO_COMMON_BLOCKS = YES;
				GCC_WARN_64_TO_32_BIT_CONVERSION = YES;
				GCC_WARN_ABOUT_RETURN_TYPE = YES_ERROR;
				GCC_WARN_UNDECLARED_SELECTOR = YES;
				GCC_WARN_UNINITIALIZED_AUTOS = YES_AGGRESSIVE;
				GCC_WARN_UNUSED_FUNCTION = YES;
				GCC_WARN_UNUSED_VARIABLE = YES;
				IPHONEOS_DEPLOYMENT_TARGET = 10.3;
				MTL_ENABLE_DEBUG_INFO = NO;
				SDKROOT = iphoneos;
				SWIFT_OPTIMIZATION_LEVEL = "-Owholemodule";
				VALIDATE_PRODUCT = YES;
			};
			name = Release;
		};
		A694A7C41EFBECF8008BF4CF /* Debug */ = {
			isa = XCBuildConfiguration;
			buildSettings = {
				ASSETCATALOG_COMPILER_APPICON_NAME = AppIcon;
				INFOPLIST_FILE = StockChart/Info.plist;
				LD_RUNPATH_SEARCH_PATHS = "$(inherited) @executable_path/Frameworks";
				PRODUCT_BUNDLE_IDENTIFIER = com.haile.StockChart;
				PRODUCT_NAME = "$(TARGET_NAME)";
				SWIFT_VERSION = 3.0;
			};
			name = Debug;
		};
		A694A7C51EFBECF8008BF4CF /* Release */ = {
			isa = XCBuildConfiguration;
			buildSettings = {
				ASSETCATALOG_COMPILER_APPICON_NAME = AppIcon;
				INFOPLIST_FILE = StockChart/Info.plist;
				LD_RUNPATH_SEARCH_PATHS = "$(inherited) @executable_path/Frameworks";
				PRODUCT_BUNDLE_IDENTIFIER = com.haile.StockChart;
				PRODUCT_NAME = "$(TARGET_NAME)";
				SWIFT_VERSION = 3.0;
			};
			name = Release;
		};
		A694A7C71EFBECF8008BF4CF /* Debug */ = {
			isa = XCBuildConfiguration;
			buildSettings = {
				ALWAYS_EMBED_SWIFT_STANDARD_LIBRARIES = YES;
				BUNDLE_LOADER = "$(TEST_HOST)";
				INFOPLIST_FILE = StockChartTests/Info.plist;
				LD_RUNPATH_SEARCH_PATHS = "$(inherited) @executable_path/Frameworks @loader_path/Frameworks";
				PRODUCT_BUNDLE_IDENTIFIER = com.haile.StockChartTests;
				PRODUCT_NAME = "$(TARGET_NAME)";
				SWIFT_VERSION = 3.0;
				TEST_HOST = "$(BUILT_PRODUCTS_DIR)/StockChart.app/StockChart";
			};
			name = Debug;
		};
		A694A7C81EFBECF8008BF4CF /* Release */ = {
			isa = XCBuildConfiguration;
			buildSettings = {
				ALWAYS_EMBED_SWIFT_STANDARD_LIBRARIES = YES;
				BUNDLE_LOADER = "$(TEST_HOST)";
				INFOPLIST_FILE = StockChartTests/Info.plist;
				LD_RUNPATH_SEARCH_PATHS = "$(inherited) @executable_path/Frameworks @loader_path/Frameworks";
				PRODUCT_BUNDLE_IDENTIFIER = com.haile.StockChartTests;
				PRODUCT_NAME = "$(TARGET_NAME)";
				SWIFT_VERSION = 3.0;
				TEST_HOST = "$(BUILT_PRODUCTS_DIR)/StockChart.app/StockChart";
			};
			name = Release;
		};
/* End XCBuildConfiguration section */

/* Begin XCConfigurationList section */
		A694A7A11EFBECF8008BF4CF /* Build configuration list for PBXProject "StockChart" */ = {
			isa = XCConfigurationList;
			buildConfigurations = (
				A694A7C11EFBECF8008BF4CF /* Debug */,
				A694A7C21EFBECF8008BF4CF /* Release */,
			);
			defaultConfigurationIsVisible = 0;
			defaultConfigurationName = Release;
		};
		A694A7C31EFBECF8008BF4CF /* Build configuration list for PBXNativeTarget "StockChart" */ = {
			isa = XCConfigurationList;
			buildConfigurations = (
				A694A7C41EFBECF8008BF4CF /* Debug */,
				A694A7C51EFBECF8008BF4CF /* Release */,
			);
			defaultConfigurationIsVisible = 0;
		};
		A694A7C61EFBECF8008BF4CF /* Build configuration list for PBXNativeTarget "StockChartTests" */ = {
			isa = XCConfigurationList;
			buildConfigurations = (
				A694A7C71EFBECF8008BF4CF /* Debug */,
				A694A7C81EFBECF8008BF4CF /* Release */,
			);
			defaultConfigurationIsVisible = 0;
		};
/* End XCConfigurationList section */
	};
	rootObject = A694A79E1EFBECF8008BF4CF /* Project object */;
}
